// !$*UTF8*$!
{
	archiveVersion = 1;
	classes = {
	};
	objectVersion = 55;
	objects = {

/* Begin PBXBuildFile section */
		34F464B828B2C1E2002E939E /* AppDelegate.swift in Sources */ = {isa = PBXBuildFile; fileRef = 34F464B728B2C1E2002E939E /* AppDelegate.swift */; };
		34F464BA28B2C1E2002E939E /* SceneDelegate.swift in Sources */ = {isa = PBXBuildFile; fileRef = 34F464B928B2C1E2002E939E /* SceneDelegate.swift */; };
		34F464BC28B2C1E2002E939E /* ViewController.swift in Sources */ = {isa = PBXBuildFile; fileRef = 34F464BB28B2C1E2002E939E /* ViewController.swift */; };
		34F464BF28B2C1E2002E939E /* Main.storyboard in Resources */ = {isa = PBXBuildFile; fileRef = 34F464BD28B2C1E2002E939E /* Main.storyboard */; };
		34F464C128B2C1E4002E939E /* Assets.xcassets in Resources */ = {isa = PBXBuildFile; fileRef = 34F464C028B2C1E4002E939E /* Assets.xcassets */; };
		34F464C428B2C1E4002E939E /* LaunchScreen.storyboard in Resources */ = {isa = PBXBuildFile; fileRef = 34F464C228B2C1E4002E939E /* LaunchScreen.storyboard */; };
		34F464CF28B2C1E4002E939E /* preworkTests.swift in Sources */ = {isa = PBXBuildFile; fileRef = 34F464CE28B2C1E4002E939E /* preworkTests.swift */; };
		34F464D928B2C1E4002E939E /* preworkUITests.swift in Sources */ = {isa = PBXBuildFile; fileRef = 34F464D828B2C1E4002E939E /* preworkUITests.swift */; };
		34F464DB28B2C1E4002E939E /* preworkUITestsLaunchTests.swift in Sources */ = {isa = PBXBuildFile; fileRef = 34F464DA28B2C1E4002E939E /* preworkUITestsLaunchTests.swift */; };
/* End PBXBuildFile section */

/* Begin PBXContainerItemProxy section */
		34F464CB28B2C1E4002E939E /* PBXContainerItemProxy */ = {
			isa = PBXContainerItemProxy;
			containerPortal = 34F464AC28B2C1E2002E939E /* Project object */;
			proxyType = 1;
			remoteGlobalIDString = 34F464B328B2C1E2002E939E;
			remoteInfo = prework;
		};
		34F464D528B2C1E4002E939E /* PBXContainerItemProxy */ = {
			isa = PBXContainerItemProxy;
			containerPortal = 34F464AC28B2C1E2002E939E /* Project object */;
			proxyType = 1;
			remoteGlobalIDString = 34F464B328B2C1E2002E939E;
			remoteInfo = prework;
		};
/* End PBXContainerItemProxy section */

/* Begin PBXFileReference section */
		34F464B428B2C1E2002E939E /* prework.app */ = {isa = PBXFileReference; explicitFileType = wrapper.application; includeInIndex = 0; path = prework.app; sourceTree = BUILT_PRODUCTS_DIR; };
		34F464B728B2C1E2002E939E /* AppDelegate.swift */ = {isa = PBXFileReference; lastKnownFileType = sourcecode.swift; path = AppDelegate.swift; sourceTree = "<group>"; };
		34F464B928B2C1E2002E939E /* SceneDelegate.swift */ = {isa = PBXFileReference; lastKnownFileType = sourcecode.swift; path = SceneDelegate.swift; sourceTree = "<group>"; };
		34F464BB28B2C1E2002E939E /* ViewController.swift */ = {isa = PBXFileReference; lastKnownFileType = sourcecode.swift; path = ViewController.swift; sourceTree = "<group>"; };
		34F464BE28B2C1E2002E939E /* Base */ = {isa = PBXFileReference; lastKnownFileType = file.storyboard; name = Base; path = Base.lproj/Main.storyboard; sourceTree = "<group>"; };
		34F464C028B2C1E4002E939E /* Assets.xcassets */ = {isa = PBXFileReference; lastKnownFileType = folder.assetcatalog; path = Assets.xcassets; sourceTree = "<group>"; };
		34F464C328B2C1E4002E939E /* Base */ = {isa = PBXFileReference; lastKnownFileType = file.storyboard; name = Base; path = Base.lproj/LaunchScreen.storyboard; sourceTree = "<group>"; };
		34F464C528B2C1E4002E939E /* Info.plist */ = {isa = PBXFileReference; lastKnownFileType = text.plist.xml; path = Info.plist; sourceTree = "<group>"; };
		34F464CA28B2C1E4002E939E /* preworkTests.xctest */ = {isa = PBXFileReference; explicitFileType = wrapper.cfbundle; includeInIndex = 0; path = preworkTests.xctest; sourceTree = BUILT_PRODUCTS_DIR; };
		34F464CE28B2C1E4002E939E /* preworkTests.swift */ = {isa = PBXFileReference; lastKnownFileType = sourcecode.swift; path = preworkTests.swift; sourceTree = "<group>"; };
		34F464D428B2C1E4002E939E /* preworkUITests.xctest */ = {isa = PBXFileReference; explicitFileType = wrapper.cfbundle; includeInIndex = 0; path = preworkUITests.xctest; sourceTree = BUILT_PRODUCTS_DIR; };
		34F464D828B2C1E4002E939E /* preworkUITests.swift */ = {isa = PBXFileReference; lastKnownFileType = sourcecode.swift; path = preworkUITests.swift; sourceTree = "<group>"; };
		34F464DA28B2C1E4002E939E /* preworkUITestsLaunchTests.swift */ = {isa = PBXFileReference; lastKnownFileType = sourcecode.swift; path = preworkUITestsLaunchTests.swift; sourceTree = "<group>"; };
/* End PBXFileReference section */

/* Begin PBXFrameworksBuildPhase section */
		34F464B128B2C1E2002E939E /* Frameworks */ = {
			isa = PBXFrameworksBuildPhase;
			buildActionMask = 2147483647;
			files = (
			);
			runOnlyForDeploymentPostprocessing = 0;
		};
		34F464C728B2C1E4002E939E /* Frameworks */ = {
			isa = PBXFrameworksBuildPhase;
			buildActionMask = 2147483647;
			files = (
			);
			runOnlyForDeploymentPostprocessing = 0;
		};
		34F464D128B2C1E4002E939E /* Frameworks */ = {
			isa = PBXFrameworksBuildPhase;
			buildActionMask = 2147483647;
			files = (
			);
			runOnlyForDeploymentPostprocessing = 0;
		};
/* End PBXFrameworksBuildPhase section */

/* Begin PBXGroup section */
		34F464AB28B2C1E2002E939E = {
			isa = PBXGroup;
			children = (
				34F464B628B2C1E2002E939E /* prework */,
				34F464CD28B2C1E4002E939E /* preworkTests */,
				34F464D728B2C1E4002E939E /* preworkUITests */,
				34F464B528B2C1E2002E939E /* Products */,
			);
			sourceTree = "<group>";
		};
		34F464B528B2C1E2002E939E /* Products */ = {
			isa = PBXGroup;
			children = (
				34F464B428B2C1E2002E939E /* prework.app */,
				34F464CA28B2C1E4002E939E /* preworkTests.xctest */,
				34F464D428B2C1E4002E939E /* preworkUITests.xctest */,
			);
			name = Products;
			sourceTree = "<group>";
		};
		34F464B628B2C1E2002E939E /* prework */ = {
			isa = PBXGroup;
			children = (
				34F464B728B2C1E2002E939E /* AppDelegate.swift */,
				34F464B928B2C1E2002E939E /* SceneDelegate.swift */,
				34F464BB28B2C1E2002E939E /* ViewController.swift */,
				34F464BD28B2C1E2002E939E /* Main.storyboard */,
				34F464C028B2C1E4002E939E /* Assets.xcassets */,
				34F464C228B2C1E4002E939E /* LaunchScreen.storyboard */,
				34F464C528B2C1E4002E939E /* Info.plist */,
			);
			path = prework;
			sourceTree = "<group>";
		};
		34F464CD28B2C1E4002E939E /* preworkTests */ = {
			isa = PBXGroup;
			children = (
				34F464CE28B2C1E4002E939E /* preworkTests.swift */,
			);
			path = preworkTests;
			sourceTree = "<group>";
		};
		34F464D728B2C1E4002E939E /* preworkUITests */ = {
			isa = PBXGroup;
			children = (
				34F464D828B2C1E4002E939E /* preworkUITests.swift */,
				34F464DA28B2C1E4002E939E /* preworkUITestsLaunchTests.swift */,
			);
			path = preworkUITests;
			sourceTree = "<group>";
		};
/* End PBXGroup section */

/* Begin PBXNativeTarget section */
		34F464B328B2C1E2002E939E /* prework */ = {
			isa = PBXNativeTarget;
			buildConfigurationList = 34F464DE28B2C1E4002E939E /* Build configuration list for PBXNativeTarget "prework" */;
			buildPhases = (
				34F464B028B2C1E2002E939E /* Sources */,
				34F464B128B2C1E2002E939E /* Frameworks */,
				34F464B228B2C1E2002E939E /* Resources */,
			);
			buildRules = (
			);
			dependencies = (
			);
			name = prework;
			productName = prework;
			productReference = 34F464B428B2C1E2002E939E /* prework.app */;
			productType = "com.apple.product-type.application";
		};
		34F464C928B2C1E4002E939E /* preworkTests */ = {
			isa = PBXNativeTarget;
			buildConfigurationList = 34F464E128B2C1E4002E939E /* Build configuration list for PBXNativeTarget "preworkTests" */;
			buildPhases = (
				34F464C628B2C1E4002E939E /* Sources */,
				34F464C728B2C1E4002E939E /* Frameworks */,
				34F464C828B2C1E4002E939E /* Resources */,
			);
			buildRules = (
			);
			dependencies = (
				34F464CC28B2C1E4002E939E /* PBXTargetDependency */,
			);
			name = preworkTests;
			productName = preworkTests;
			productReference = 34F464CA28B2C1E4002E939E /* preworkTests.xctest */;
			productType = "com.apple.product-type.bundle.unit-test";
		};
		34F464D328B2C1E4002E939E /* preworkUITests */ = {
			isa = PBXNativeTarget;
			buildConfigurationList = 34F464E428B2C1E4002E939E /* Build configuration list for PBXNativeTarget "preworkUITests" */;
			buildPhases = (
				34F464D028B2C1E4002E939E /* Sources */,
				34F464D128B2C1E4002E939E /* Frameworks */,
				34F464D228B2C1E4002E939E /* Resources */,
			);
			buildRules = (
			);
			dependencies = (
				34F464D628B2C1E4002E939E /* PBXTargetDependency */,
			);
			name = preworkUITests;
			productName = preworkUITests;
			productReference = 34F464D428B2C1E4002E939E /* preworkUITests.xctest */;
			productType = "com.apple.product-type.bundle.ui-testing";
		};
/* End PBXNativeTarget section */

/* Begin PBXProject section */
		34F464AC28B2C1E2002E939E /* Project object */ = {
			isa = PBXProject;
			attributes = {
				BuildIndependentTargetsInParallel = 1;
				LastSwiftUpdateCheck = 1340;
				LastUpgradeCheck = 1340;
				TargetAttributes = {
					34F464B328B2C1E2002E939E = {
						CreatedOnToolsVersion = 13.4.1;
					};
					34F464C928B2C1E4002E939E = {
						CreatedOnToolsVersion = 13.4.1;
						TestTargetID = 34F464B328B2C1E2002E939E;
					};
					34F464D328B2C1E4002E939E = {
						CreatedOnToolsVersion = 13.4.1;
						TestTargetID = 34F464B328B2C1E2002E939E;
					};
				};
			};
			buildConfigurationList = 34F464AF28B2C1E2002E939E /* Build configuration list for PBXProject "prework" */;
			compatibilityVersion = "Xcode 13.0";
			developmentRegion = en;
			hasScannedForEncodings = 0;
			knownRegions = (
				en,
				Base,
			);
			mainGroup = 34F464AB28B2C1E2002E939E;
			productRefGroup = 34F464B528B2C1E2002E939E /* Products */;
			projectDirPath = "";
			projectRoot = "";
			targets = (
				34F464B328B2C1E2002E939E /* prework */,
				34F464C928B2C1E4002E939E /* preworkTests */,
				34F464D328B2C1E4002E939E /* preworkUITests */,
			);
		};
/* End PBXProject section */

/* Begin PBXResourcesBuildPhase section */
		34F464B228B2C1E2002E939E /* Resources */ = {
			isa = PBXResourcesBuildPhase;
			buildActionMask = 2147483647;
			files = (
				34F464C428B2C1E4002E939E /* LaunchScreen.storyboard in Resources */,
				34F464C128B2C1E4002E939E /* Assets.xcassets in Resources */,
				34F464BF28B2C1E2002E939E /* Main.storyboard in Resources */,
			);
			runOnlyForDeploymentPostprocessing = 0;
		};
		34F464C828B2C1E4002E939E /* Resources */ = {
			isa = PBXResourcesBuildPhase;
			buildActionMask = 2147483647;
			files = (
			);
			runOnlyForDeploymentPostprocessing = 0;
		};
		34F464D228B2C1E4002E939E /* Resources */ = {
			isa = PBXResourcesBuildPhase;
			buildActionMask = 2147483647;
			files = (
			);
			runOnlyForDeploymentPostprocessing = 0;
		};
/* End PBXResourcesBuildPhase section */

/* Begin PBXSourcesBuildPhase section */
		34F464B028B2C1E2002E939E /* Sources */ = {
			isa = PBXSourcesBuildPhase;
			buildActionMask = 2147483647;
			files = (
				34F464BC28B2C1E2002E939E /* ViewController.swift in Sources */,
				34F464B828B2C1E2002E939E /* AppDelegate.swift in Sources */,
				34F464BA28B2C1E2002E939E /* SceneDelegate.swift in Sources */,
			);
			runOnlyForDeploymentPostprocessing = 0;
		};
		34F464C628B2C1E4002E939E /* Sources */ = {
			isa = PBXSourcesBuildPhase;
			buildActionMask = 2147483647;
			files = (
				34F464CF28B2C1E4002E939E /* preworkTests.swift in Sources */,
			);
			runOnlyForDeploymentPostprocessing = 0;
		};
		34F464D028B2C1E4002E939E /* Sources */ = {
			isa = PBXSourcesBuildPhase;
			buildActionMask = 2147483647;
			files = (
				34F464D928B2C1E4002E939E /* preworkUITests.swift in Sources */,
				34F464DB28B2C1E4002E939E /* preworkUITestsLaunchTests.swift in Sources */,
			);
			runOnlyForDeploymentPostprocessing = 0;
		};
/* End PBXSourcesBuildPhase section */

/* Begin PBXTargetDependency section */
		34F464CC28B2C1E4002E939E /* PBXTargetDependency */ = {
			isa = PBXTargetDependency;
			target = 34F464B328B2C1E2002E939E /* prework */;
			targetProxy = 34F464CB28B2C1E4002E939E /* PBXContainerItemProxy */;
		};
		34F464D628B2C1E4002E939E /* PBXTargetDependency */ = {
			isa = PBXTargetDependency;
			target = 34F464B328B2C1E2002E939E /* prework */;
			targetProxy = 34F464D528B2C1E4002E939E /* PBXContainerItemProxy */;
		};
/* End PBXTargetDependency section */

/* Begin PBXVariantGroup section */
		34F464BD28B2C1E2002E939E /* Main.storyboard */ = {
			isa = PBXVariantGroup;
			children = (
				34F464BE28B2C1E2002E939E /* Base */,
			);
			name = Main.storyboard;
			sourceTree = "<group>";
		};
		34F464C228B2C1E4002E939E /* LaunchScreen.storyboard */ = {
			isa = PBXVariantGroup;
			children = (
				34F464C328B2C1E4002E939E /* Base */,
			);
			name = LaunchScreen.storyboard;
			sourceTree = "<group>";
		};
/* End PBXVariantGroup section */

/* Begin XCBuildConfiguration section */
		34F464DC28B2C1E4002E939E /* Debug */ = {
			isa = XCBuildConfiguration;
			buildSettings = {
				ALWAYS_SEARCH_USER_PATHS = NO;
				CLANG_ANALYZER_NONNULL = YES;
				CLANG_ANALYZER_NUMBER_OBJECT_CONVERSION = YES_AGGRESSIVE;
				CLANG_CXX_LANGUAGE_STANDARD = "gnu++17";
				CLANG_ENABLE_MODULES = YES;
				CLANG_ENABLE_OBJC_ARC = YES;
				CLANG_ENABLE_OBJC_WEAK = YES;
				CLANG_WARN_BLOCK_CAPTURE_AUTORELEASING = YES;
				CLANG_WARN_BOOL_CONVERSION = YES;
				CLANG_WARN_COMMA = YES;
				CLANG_WARN_CONSTANT_CONVERSION = YES;
				CLANG_WARN_DEPRECATED_OBJC_IMPLEMENTATIONS = YES;
				CLANG_WARN_DIRECT_OBJC_ISA_USAGE = YES_ERROR;
				CLANG_WARN_DOCUMENTATION_COMMENTS = YES;
				CLANG_WARN_EMPTY_BODY = YES;
				CLANG_WARN_ENUM_CONVERSION = YES;
				CLANG_WARN_INFINITE_RECURSION = YES;
				CLANG_WARN_INT_CONVERSION = YES;
				CLANG_WARN_NON_LITERAL_NULL_CONVERSION = YES;
				CLANG_WARN_OBJC_IMPLICIT_RETAIN_SELF = YES;
				CLANG_WARN_OBJC_LITERAL_CONVERSION = YES;
				CLANG_WARN_OBJC_ROOT_CLASS = YES_ERROR;
				CLANG_WARN_QUOTED_INCLUDE_IN_FRAMEWORK_HEADER = YES;
				CLANG_WARN_RANGE_LOOP_ANALYSIS = YES;
				CLANG_WARN_STRICT_PROTOTYPES = YES;
				CLANG_WARN_SUSPICIOUS_MOVE = YES;
				CLANG_WARN_UNGUARDED_AVAILABILITY = YES_AGGRESSIVE;
				CLANG_WARN_UNREACHABLE_CODE = YES;
				CLANG_WARN__DUPLICATE_METHOD_MATCH = YES;
				COPY_PHASE_STRIP = NO;
				DEBUG_INFORMATION_FORMAT = dwarf;
				ENABLE_STRICT_OBJC_MSGSEND = YES;
				ENABLE_TESTABILITY = YES;
				GCC_C_LANGUAGE_STANDARD = gnu11;
				GCC_DYNAMIC_NO_PIC = NO;
				GCC_NO_COMMON_BLOCKS = YES;
				GCC_OPTIMIZATION_LEVEL = 0;
				GCC_PREPROCESSOR_DEFINITIONS = (
					"DEBUG=1",
					"$(inherited)",
				);
				GCC_WARN_64_TO_32_BIT_CONVERSION = YES;
				GCC_WARN_ABOUT_RETURN_TYPE = YES_ERROR;
				GCC_WARN_UNDECLARED_SELECTOR = YES;
				GCC_WARN_UNINITIALIZED_AUTOS = YES_AGGRESSIVE;
				GCC_WARN_UNUSED_FUNCTION = YES;
				GCC_WARN_UNUSED_VARIABLE = YES;
				IPHONEOS_DEPLOYMENT_TARGET = 15.5;
				MTL_ENABLE_DEBUG_INFO = INCLUDE_SOURCE;
				MTL_FAST_MATH = YES;
				ONLY_ACTIVE_ARCH = YES;
				SDKROOT = iphoneos;
				SWIFT_ACTIVE_COMPILATION_CONDITIONS = DEBUG;
				SWIFT_OPTIMIZATION_LEVEL = "-Onone";
			};
			name = Debug;
		};
		34F464DD28B2C1E4002E939E /* Release */ = {
			isa = XCBuildConfiguration;
			buildSettings = {
				ALWAYS_SEARCH_USER_PATHS = NO;
				CLANG_ANALYZER_NONNULL = YES;
				CLANG_ANALYZER_NUMBER_OBJECT_CONVERSION = YES_AGGRESSIVE;
				CLANG_CXX_LANGUAGE_STANDARD = "gnu++17";
				CLANG_ENABLE_MODULES = YES;
				CLANG_ENABLE_OBJC_ARC = YES;
				CLANG_ENABLE_OBJC_WEAK = YES;
				CLANG_WARN_BLOCK_CAPTURE_AUTORELEASING = YES;
				CLANG_WARN_BOOL_CONVERSION = YES;
				CLANG_WARN_COMMA = YES;
				CLANG_WARN_CONSTANT_CONVERSION = YES;
				CLANG_WARN_DEPRECATED_OBJC_IMPLEMENTATIONS = YES;
				CLANG_WARN_DIRECT_OBJC_ISA_USAGE = YES_ERROR;
				CLANG_WARN_DOCUMENTATION_COMMENTS = YES;
				CLANG_WARN_EMPTY_BODY = YES;
				CLANG_WARN_ENUM_CONVERSION = YES;
				CLANG_WARN_INFINITE_RECURSION = YES;
				CLANG_WARN_INT_CONVERSION = YES;
				CLANG_WARN_NON_LITERAL_NULL_CONVERSION = YES;
				CLANG_WARN_OBJC_IMPLICIT_RETAIN_SELF = YES;
				CLANG_WARN_OBJC_LITERAL_CONVERSION = YES;
				CLANG_WARN_OBJC_ROOT_CLASS = YES_ERROR;
				CLANG_WARN_QUOTED_INCLUDE_IN_FRAMEWORK_HEADER = YES;
				CLANG_WARN_RANGE_LOOP_ANALYSIS = YES;
				CLANG_WARN_STRICT_PROTOTYPES = YES;
				CLANG_WARN_SUSPICIOUS_MOVE = YES;
				CLANG_WARN_UNGUARDED_AVAILABILITY = YES_AGGRESSIVE;
				CLANG_WARN_UNREACHABLE_CODE = YES;
				CLANG_WARN__DUPLICATE_METHOD_MATCH = YES;
				COPY_PHASE_STRIP = NO;
				DEBUG_INFORMATION_FORMAT = "dwarf-with-dsym";
				ENABLE_NS_ASSERTIONS = NO;
				ENABLE_STRICT_OBJC_MSGSEND = YES;
				GCC_C_LANGUAGE_STANDARD = gnu11;
				GCC_NO_COMMON_BLOCKS = YES;
				GCC_WARN_64_TO_32_BIT_CONVERSION = YES;
				GCC_WARN_ABOUT_RETURN_TYPE = YES_ERROR;
				GCC_WARN_UNDECLARED_SELECTOR = YES;
				GCC_WARN_UNINITIALIZED_AUTOS = YES_AGGRESSIVE;
				GCC_WARN_UNUSED_FUNCTION = YES;
				GCC_WARN_UNUSED_VARIABLE = YES;
				IPHONEOS_DEPLOYMENT_TARGET = 15.5;
				MTL_ENABLE_DEBUG_INFO = NO;
				MTL_FAST_MATH = YES;
				SDKROOT = iphoneos;
				SWIFT_COMPILATION_MODE = wholemodule;
				SWIFT_OPTIMIZATION_LEVEL = "-O";
				VALIDATE_PRODUCT = YES;
			};
			name = Release;
		};
		34F464DF28B2C1E4002E939E /* Debug */ = {
			isa = XCBuildConfiguration;
			buildSettings = {
				ASSETCATALOG_COMPILER_APPICON_NAME = AppIcon;
				ASSETCATALOG_COMPILER_GLOBAL_ACCENT_COLOR_NAME = AccentColor;
				CODE_SIGN_STYLE = Automatic;
				CURRENT_PROJECT_VERSION = 1;
				GENERATE_INFOPLIST_FILE = YES;
				INFOPLIST_FILE = prework/Info.plist;
				INFOPLIST_KEY_UIApplicationSupportsIndirectInputEvents = YES;
				INFOPLIST_KEY_UILaunchStoryboardName = LaunchScreen;
				INFOPLIST_KEY_UIMainStoryboardFile = Main;
				INFOPLIST_KEY_UISupportedInterfaceOrientations_iPad = "UIInterfaceOrientationPortrait UIInterfaceOrientationPortraitUpsideDown UIInterfaceOrientationLandscapeLeft UIInterfaceOrientationLandscapeRight";
				INFOPLIST_KEY_UISupportedInterfaceOrientations_iPhone = "UIInterfaceOrientationPortrait UIInterfaceOrientationLandscapeLeft UIInterfaceOrientationLandscapeRight";
				LD_RUNPATH_SEARCH_PATHS = (
					"$(inherited)",
					"@executable_path/Frameworks",
				);
				MARKETING_VERSION = 1.0;
				PRODUCT_BUNDLE_IDENTIFIER = Tao.prework;
				PRODUCT_NAME = "$(TARGET_NAME)";
				SWIFT_EMIT_LOC_STRINGS = YES;
				SWIFT_VERSION = 5.0;
				TARGETED_DEVICE_FAMILY = "1,2";
			};
			name = Debug;
		};
		34F464E028B2C1E4002E939E /* Release */ = {
			isa = XCBuildConfiguration;
			buildSettings = {
				ASSETCATALOG_COMPILER_APPICON_NAME = AppIcon;
				ASSETCATALOG_COMPILER_GLOBAL_ACCENT_COLOR_NAME = AccentColor;
				CODE_SIGN_STYLE = Automatic;
				CURRENT_PROJECT_VERSION = 1;
				GENERATE_INFOPLIST_FILE = YES;
				INFOPLIST_FILE = prework/Info.plist;
				INFOPLIST_KEY_UIApplicationSupportsIndirectInputEvents = YES;
				INFOPLIST_KEY_UILaunchStoryboardName = LaunchScreen;
				INFOPLIST_KEY_UIMainStoryboardFile = Main;
				INFOPLIST_KEY_UISupportedInterfaceOrientations_iPad = "UIInterfaceOrientationPortrait UIInterfaceOrientationPortraitUpsideDown UIInterfaceOrientationLandscapeLeft UIInterfaceOrientationLandscapeRight";
				INFOPLIST_KEY_UISupportedInterfaceOrientations_iPhone = "UIInterfaceOrientationPortrait UIInterfaceOrientationLandscapeLeft UIInterfaceOrientationLandscapeRight";
				LD_RUNPATH_SEARCH_PATHS = (
					"$(inherited)",
					"@executable_path/Frameworks",
				);
				MARKETING_VERSION = 1.0;
				PRODUCT_BUNDLE_IDENTIFIER = Tao.prework;
				PRODUCT_NAME = "$(TARGET_NAME)";
				SWIFT_EMIT_LOC_STRINGS = YES;
				SWIFT_VERSION = 5.0;
				TARGETED_DEVICE_FAMILY = "1,2";
			};
			name = Release;
		};
		34F464E228B2C1E4002E939E /* Debug */ = {
			isa = XCBuildConfiguration;
			buildSettings = {
				ALWAYS_EMBED_SWIFT_STANDARD_LIBRARIES = YES;
				BUNDLE_LOADER = "$(TEST_HOST)";
				CODE_SIGN_STYLE = Automatic;
				CURRENT_PROJECT_VERSION = 1;
				GENERATE_INFOPLIST_FILE = YES;
				IPHONEOS_DEPLOYMENT_TARGET = 15.5;
				MARKETING_VERSION = 1.0;
				PRODUCT_BUNDLE_IDENTIFIER = Tao.preworkTests;
				PRODUCT_NAME = "$(TARGET_NAME)";
				SWIFT_EMIT_LOC_STRINGS = NO;
				SWIFT_VERSION = 5.0;
				TARGETED_DEVICE_FAMILY = "1,2";
				TEST_HOST = "$(BUILT_PRODUCTS_DIR)/prework.app/prework";
			};
			name = Debug;
		};
		34F464E328B2C1E4002E939E /* Release */ = {
			isa = XCBuildConfiguration;
			buildSettings = {
				ALWAYS_EMBED_SWIFT_STANDARD_LIBRARIES = YES;
				BUNDLE_LOADER = "$(TEST_HOST)";
				CODE_SIGN_STYLE = Automatic;
				CURRENT_PROJECT_VERSION = 1;
				GENERATE_INFOPLIST_FILE = YES;
				IPHONEOS_DEPLOYMENT_TARGET = 15.5;
				MARKETING_VERSION = 1.0;
				PRODUCT_BUNDLE_IDENTIFIER = Tao.preworkTests;
				PRODUCT_NAME = "$(TARGET_NAME)";
				SWIFT_EMIT_LOC_STRINGS = NO;
				SWIFT_VERSION = 5.0;
				TARGETED_DEVICE_FAMILY = "1,2";
				TEST_HOST = "$(BUILT_PRODUCTS_DIR)/prework.app/prework";
			};
			name = Release;
		};
		34F464E528B2C1E4002E939E /* Debug */ = {
			isa = XCBuildConfiguration;
			buildSettings = {
				ALWAYS_EMBED_SWIFT_STANDARD_LIBRARIES = YES;
				CODE_SIGN_STYLE = Automatic;
				CURRENT_PROJECT_VERSION = 1;
				GENERATE_INFOPLIST_FILE = YES;
				MARKETING_VERSION = 1.0;
				PRODUCT_BUNDLE_IDENTIFIER = Tao.preworkUITests;
				PRODUCT_NAME = "$(TARGET_NAME)";
				SWIFT_EMIT_LOC_STRINGS = NO;
				SWIFT_VERSION = 5.0;
				TARGETED_DEVICE_FAMILY = "1,2";
				TEST_TARGET_NAME = prework;
			};
			name = Debug;
		};
		34F464E628B2C1E4002E939E /* Release */ = {
			isa = XCBuildConfiguration;
			buildSettings = {
				ALWAYS_EMBED_SWIFT_STANDARD_LIBRARIES = YES;
				CODE_SIGN_STYLE = Automatic;
				CURRENT_PROJECT_VERSION = 1;
				GENERATE_INFOPLIST_FILE = YES;
				MARKETING_VERSION = 1.0;
				PRODUCT_BUNDLE_IDENTIFIER = Tao.preworkUITests;
				PRODUCT_NAME = "$(TARGET_NAME)";
				SWIFT_EMIT_LOC_STRINGS = NO;
				SWIFT_VERSION = 5.0;
				TARGETED_DEVICE_FAMILY = "1,2";
				TEST_TARGET_NAME = prework;
			};
			name = Release;
		};
/* End XCBuildConfiguration section */

/* Begin XCConfigurationList section */
		34F464AF28B2C1E2002E939E /* Build configuration list for PBXProject "prework" */ = {
			isa = XCConfigurationList;
			buildConfigurations = (
				34F464DC28B2C1E4002E939E /* Debug */,
				34F464DD28B2C1E4002E939E /* Release */,
			);
			defaultConfigurationIsVisible = 0;
			defaultConfigurationName = Release;
		};
		34F464DE28B2C1E4002E939E /* Build configuration list for PBXNativeTarget "prework" */ = {
			isa = XCConfigurationList;
			buildConfigurations = (
				34F464DF28B2C1E4002E939E /* Debug */,
				34F464E028B2C1E4002E939E /* Release */,
			);
			defaultConfigurationIsVisible = 0;
			defaultConfigurationName = Release;
		};
		34F464E128B2C1E4002E939E /* Build configuration list for PBXNativeTarget "preworkTests" */ = {
			isa = XCConfigurationList;
			buildConfigurations = (
				34F464E228B2C1E4002E939E /* Debug */,
				34F464E328B2C1E4002E939E /* Release */,
			);
			defaultConfigurationIsVisible = 0;
			defaultConfigurationName = Release;
		};
		34F464E428B2C1E4002E939E /* Build configuration list for PBXNativeTarget "preworkUITests" */ = {
			isa = XCConfigurationList;
			buildConfigurations = (
				34F464E528B2C1E4002E939E /* Debug */,
				34F464E628B2C1E4002E939E /* Release */,
			);
			defaultConfigurationIsVisible = 0;
			defaultConfigurationName = Release;
		};
/* End XCConfigurationList section */
	};
	rootObject = 34F464AC28B2C1E2002E939E /* Project object */;
}
